
Microsoft Visual Studio Solution File, Format Version 12.00
# Visual Studio Version 16
VisualStudioVersion = 16.0.29709.97
MinimumVisualStudioVersion = 10.0.40219.1
Project("{FAE04EC0-301F-11D3-BF4B-00C04F79EFBC}") = "FinPlannerUser", "FinPlannerUser\FinPlannerUser.csproj", "{5D99F8F2-545A-47AC-910B-B5B120DEA848}"
EndProject
Global
	GlobalSection(SolutionConfigurationPlatforms) = preSolution
		Debug|Any CPU = Debug|Any CPU
		Release|Any CPU = Release|Any CPU
	EndGlobalSection
	GlobalSection(ProjectConfigurationPlatforms) = postSolution
		{5D99F8F2-545A-47AC-910B-B5B120DEA848}.Debug|Any CPU.ActiveCfg = Debug|Any CPU
		{5D99F8F2-545A-47AC-910B-B5B120DEA848}.Debug|Any CPU.Build.0 = Debug|Any CPU
		{5D99F8F2-545A-47AC-910B-B5B120DEA848}.Release|Any CPU.ActiveCfg = Release|Any CPU
		{5D99F8F2-545A-47AC-910B-B5B120DEA848}.Release|Any CPU.Build.0 = Release|Any CPU
	EndGlobalSection
	GlobalSection(SolutionProperties) = preSolution
		HideSolutionNode = FALSE
	EndGlobalSection
	GlobalSection(ExtensibilityGlobals) = postSolution
		SolutionGuid = {FA45DB9D-CA59-4CC1-A0BB-41EFBE17BB76}
	EndGlobalSection
EndGlobal
